
Microsoft Visual Studio Solution File, Format Version 12.00
# Visual Studio Version 17
VisualStudioVersion = 17.9.34607.119
MinimumVisualStudioVersion = 10.0.40219.1
Project("{FAE04EC0-301F-11D3-BF4B-00C04F79EFBC}") = "WpfApp2", "WpfApp2\WpfApp2.csproj", "{24AB8412-3D88-4D60-820C-A996E8553329}"
EndProject
Global
	GlobalSection(SolutionConfigurationPlatforms) = preSolution
		Debug|Any CPU = Debug|Any CPU
		Release|Any CPU = Release|Any CPU
	EndGlobalSection
	GlobalSection(ProjectConfigurationPlatforms) = postSolution
		{24AB8412-3D88-4D60-820C-A996E8553329}.Debug|Any CPU.ActiveCfg = Debug|Any CPU
		{24AB8412-3D88-4D60-820C-A996E8553329}.Debug|Any CPU.Build.0 = Debug|Any CPU
		{24AB8412-3D88-4D60-820C-A996E8553329}.Release|Any CPU.ActiveCfg = Release|Any CPU
		{24AB8412-3D88-4D60-820C-A996E8553329}.Release|Any CPU.Build.0 = Release|Any CPU
	EndGlobalSection
	GlobalSection(SolutionProperties) = preSolution
		HideSolutionNode = FALSE
	EndGlobalSection
	GlobalSection(ExtensibilityGlobals) = postSolution
		SolutionGuid = {398FE3F6-65E1-4EDC-A9B2-797C8A56F517}
	EndGlobalSection
EndGlobal
