
Microsoft Visual Studio Solution File, Format Version 12.00
# Visual Studio Version 17
VisualStudioVersion = 17.9.34607.119
MinimumVisualStudioVersion = 10.0.40219.1
Project("{FAE04EC0-301F-11D3-BF4B-00C04F79EFBC}") = "ConsoleApp2", "ConsoleApp2\ConsoleApp2.csproj", "{CE7DCF18-2505-4ABE-8C72-B53C8CB2CBA7}"
EndProject
Global
	GlobalSection(SolutionConfigurationPlatforms) = preSolution
		Debug|Any CPU = Debug|Any CPU
		Release|Any CPU = Release|Any CPU
	EndGlobalSection
	GlobalSection(ProjectConfigurationPlatforms) = postSolution
		{CE7DCF18-2505-4ABE-8C72-B53C8CB2CBA7}.Debug|Any CPU.ActiveCfg = Debug|Any CPU
		{CE7DCF18-2505-4ABE-8C72-B53C8CB2CBA7}.Debug|Any CPU.Build.0 = Debug|Any CPU
		{CE7DCF18-2505-4ABE-8C72-B53C8CB2CBA7}.Release|Any CPU.ActiveCfg = Release|Any CPU
		{CE7DCF18-2505-4ABE-8C72-B53C8CB2CBA7}.Release|Any CPU.Build.0 = Release|Any CPU
	EndGlobalSection
	GlobalSection(SolutionProperties) = preSolution
		HideSolutionNode = FALSE
	EndGlobalSection
	GlobalSection(ExtensibilityGlobals) = postSolution
		SolutionGuid = {38EA6919-DBB7-4A34-88DE-A51AFEA41C4C}
	EndGlobalSection
EndGlobal
